// !$*UTF8*$!
{
	archiveVersion = 1;
	classes = {
	};
	objectVersion = 77;
	objects = {

/* Begin PBXBuildFile section */
		B01C65FF2DC13E34003BA5DB /* Preview Assets.xcassets in Resources */ = {isa = PBXBuildFile; fileRef = B01C65F92DC13E34003BA5DB /* Preview Assets.xcassets */; };
		B01C66002DC13E34003BA5DB /* Assets.xcassets in Resources */ = {isa = PBXBuildFile; fileRef = B01C65FB2DC13E34003BA5DB /* Assets.xcassets */; };
		B01C66012DC13E34003BA5DB /* BooksReadApp.swift in Sources */ = {isa = PBXBuildFile; fileRef = B01C65FC2DC13E34003BA5DB /* BooksReadApp.swift */; };
		B01C66022DC13E34003BA5DB /* BooksListView.swift in Sources */ = {isa = PBXBuildFile; fileRef = B01C65FD2DC13E34003BA5DB /* BooksListView.swift */; };
		B01C66052DC13E5D003BA5DB /* BookModel.swift in Sources */ = {isa = PBXBuildFile; fileRef = B01C66042DC13E5D003BA5DB /* BookModel.swift */; };
		B01C66092DC13EA7003BA5DB /* NewBookView.swift in Sources */ = {isa = PBXBuildFile; fileRef = B01C66082DC13EA7003BA5DB /* NewBookView.swift */; };
		B023ACBB2DC3E23F008049FA /* RatingsView.swift in Sources */ = {isa = PBXBuildFile; fileRef = B023ACBA2DC3E23F008049FA /* RatingsView.swift */; };
		B023ACBF2DC3EC5E008049FA /* SampleBooks.swift in Sources */ = {isa = PBXBuildFile; fileRef = B023ACBE2DC3EC5E008049FA /* SampleBooks.swift */; };
		B023ACC12DC3ED4B008049FA /* PreviewContainer.swift in Sources */ = {isa = PBXBuildFile; fileRef = B023ACC02DC3ED4B008049FA /* PreviewContainer.swift */; };
		B08A41462DC2B89F00CCE664 /* BookDetailView.swift in Sources */ = {isa = PBXBuildFile; fileRef = B08A41452DC2B89F00CCE664 /* BookDetailView.swift */; };
		B0A9521D2DC521680079D3BC /* BookList.swift in Sources */ = {isa = PBXBuildFile; fileRef = B0A9521C2DC521680079D3BC /* BookList.swift */; };
/* End PBXBuildFile section */

/* Begin PBXFileReference section */
		B01C65E82DC13E1A003BA5DB /* BooksRead.app */ = {isa = PBXFileReference; explicitFileType = wrapper.application; includeInIndex = 0; path = BooksRead.app; sourceTree = BUILT_PRODUCTS_DIR; };
		B01C65F92DC13E34003BA5DB /* Preview Assets.xcassets */ = {isa = PBXFileReference; lastKnownFileType = folder.assetcatalog; path = "Preview Assets.xcassets"; sourceTree = "<group>"; };
		B01C65FB2DC13E34003BA5DB /* Assets.xcassets */ = {isa = PBXFileReference; lastKnownFileType = folder.assetcatalog; path = Assets.xcassets; sourceTree = "<group>"; };
		B01C65FC2DC13E34003BA5DB /* BooksReadApp.swift */ = {isa = PBXFileReference; lastKnownFileType = sourcecode.swift; path = BooksReadApp.swift; sourceTree = "<group>"; };
		B01C65FD2DC13E34003BA5DB /* BooksListView.swift */ = {isa = PBXFileReference; lastKnownFileType = sourcecode.swift; path = BooksListView.swift; sourceTree = "<group>"; };
		B01C66042DC13E5D003BA5DB /* BookModel.swift */ = {isa = PBXFileReference; lastKnownFileType = sourcecode.swift; path = BookModel.swift; sourceTree = "<group>"; };
		B01C66082DC13EA7003BA5DB /* NewBookView.swift */ = {isa = PBXFileReference; lastKnownFileType = sourcecode.swift; path = NewBookView.swift; sourceTree = "<group>"; };
		B023ACBA2DC3E23F008049FA /* RatingsView.swift */ = {isa = PBXFileReference; lastKnownFileType = sourcecode.swift; path = RatingsView.swift; sourceTree = "<group>"; };
		B023ACBE2DC3EC5E008049FA /* SampleBooks.swift */ = {isa = PBXFileReference; lastKnownFileType = sourcecode.swift; path = SampleBooks.swift; sourceTree = "<group>"; };
		B023ACC02DC3ED4B008049FA /* PreviewContainer.swift */ = {isa = PBXFileReference; lastKnownFileType = sourcecode.swift; path = PreviewContainer.swift; sourceTree = "<group>"; };
		B08A41452DC2B89F00CCE664 /* BookDetailView.swift */ = {isa = PBXFileReference; lastKnownFileType = sourcecode.swift; path = BookDetailView.swift; sourceTree = "<group>"; };
		B0A9521C2DC521680079D3BC /* BookList.swift */ = {isa = PBXFileReference; lastKnownFileType = sourcecode.swift; path = BookList.swift; sourceTree = "<group>"; };
/* End PBXFileReference section */

/* Begin PBXFrameworksBuildPhase section */
		B01C65E52DC13E1A003BA5DB /* Frameworks */ = {
			isa = PBXFrameworksBuildPhase;
			buildActionMask = 2147483647;
			files = (
			);
			runOnlyForDeploymentPostprocessing = 0;
		};
/* End PBXFrameworksBuildPhase section */

/* Begin PBXGroup section */
		B01C65DF2DC13E1A003BA5DB = {
			isa = PBXGroup;
			children = (
				B01C65FE2DC13E34003BA5DB /* BooksRead */,
				B01C65E92DC13E1A003BA5DB /* Products */,
			);
			sourceTree = "<group>";
		};
		B01C65E92DC13E1A003BA5DB /* Products */ = {
			isa = PBXGroup;
			children = (
				B01C65E82DC13E1A003BA5DB /* BooksRead.app */,
			);
			name = Products;
			sourceTree = "<group>";
		};
		B01C65FA2DC13E34003BA5DB /* Preview Content */ = {
			isa = PBXGroup;
			children = (
				B01C65F92DC13E34003BA5DB /* Preview Assets.xcassets */,
			);
			path = "Preview Content";
			sourceTree = "<group>";
		};
		B01C65FE2DC13E34003BA5DB /* BooksRead */ = {
			isa = PBXGroup;
			children = (
				B01C65FC2DC13E34003BA5DB /* BooksReadApp.swift */,
				B023ACB92DC3E22A008049FA /* Utilities */,
				B08A41422DC2B86300CCE664 /* Model */,
				B08A41432DC2B86800CCE664 /* View */,
				B01C65FA2DC13E34003BA5DB /* Preview Content */,
				B01C65FB2DC13E34003BA5DB /* Assets.xcassets */,
			);
			path = BooksRead;
			sourceTree = "<group>";
		};
		B023ACB92DC3E22A008049FA /* Utilities */ = {
			isa = PBXGroup;
			children = (
				B023ACBD2DC3EC44008049FA /* ReusableView */,
				B023ACBC2DC3EBF2008049FA /* MockData */,
			);
			path = Utilities;
			sourceTree = "<group>";
		};
		B023ACBC2DC3EBF2008049FA /* MockData */ = {
			isa = PBXGroup;
			children = (
				B023ACBE2DC3EC5E008049FA /* SampleBooks.swift */,
				B023ACC02DC3ED4B008049FA /* PreviewContainer.swift */,
			);
			path = MockData;
			sourceTree = "<group>";
		};
		B023ACBD2DC3EC44008049FA /* ReusableView */ = {
			isa = PBXGroup;
			children = (
				B023ACBA2DC3E23F008049FA /* RatingsView.swift */,
			);
			path = ReusableView;
			sourceTree = "<group>";
		};
		B08A41422DC2B86300CCE664 /* Model */ = {
			isa = PBXGroup;
			children = (
				B01C66042DC13E5D003BA5DB /* BookModel.swift */,
			);
			path = Model;
			sourceTree = "<group>";
		};
		B08A41432DC2B86800CCE664 /* View */ = {
			isa = PBXGroup;
			children = (
				B08A41442DC2B87F00CCE664 /* Book */,
			);
			path = View;
			sourceTree = "<group>";
		};
		B08A41442DC2B87F00CCE664 /* Book */ = {
			isa = PBXGroup;
			children = (
				B01C65FD2DC13E34003BA5DB /* BooksListView.swift */,
				B0A9521C2DC521680079D3BC /* BookList.swift */,
				B01C66082DC13EA7003BA5DB /* NewBookView.swift */,
				B08A41452DC2B89F00CCE664 /* BookDetailView.swift */,
			);
			path = Book;
			sourceTree = "<group>";
		};
/* End PBXGroup section */

/* Begin PBXNativeTarget section */
		B01C65E72DC13E1A003BA5DB /* BooksRead */ = {
			isa = PBXNativeTarget;
			buildConfigurationList = B01C65F62DC13E1B003BA5DB /* Build configuration list for PBXNativeTarget "BooksRead" */;
			buildPhases = (
				B01C65E42DC13E1A003BA5DB /* Sources */,
				B01C65E52DC13E1A003BA5DB /* Frameworks */,
				B01C65E62DC13E1A003BA5DB /* Resources */,
			);
			buildRules = (
			);
			dependencies = (
			);
			name = BooksRead;
			packageProductDependencies = (
			);
			productName = BooksRead;
			productReference = B01C65E82DC13E1A003BA5DB /* BooksRead.app */;
			productType = "com.apple.product-type.application";
		};
/* End PBXNativeTarget section */

/* Begin PBXProject section */
		B01C65E02DC13E1A003BA5DB /* Project object */ = {
			isa = PBXProject;
			attributes = {
				BuildIndependentTargetsInParallel = 1;
				LastSwiftUpdateCheck = 1620;
				LastUpgradeCheck = 1620;
				TargetAttributes = {
					B01C65E72DC13E1A003BA5DB = {
						CreatedOnToolsVersion = 16.2;
					};
				};
			};
			buildConfigurationList = B01C65E32DC13E1A003BA5DB /* Build configuration list for PBXProject "BooksRead" */;
			developmentRegion = en;
			hasScannedForEncodings = 0;
			knownRegions = (
				en,
				Base,
			);
			mainGroup = B01C65DF2DC13E1A003BA5DB;
			minimizedProjectReferenceProxies = 1;
			preferredProjectObjectVersion = 77;
			productRefGroup = B01C65E92DC13E1A003BA5DB /* Products */;
			projectDirPath = "";
			projectRoot = "";
			targets = (
				B01C65E72DC13E1A003BA5DB /* BooksRead */,
			);
		};
/* End PBXProject section */

/* Begin PBXResourcesBuildPhase section */
		B01C65E62DC13E1A003BA5DB /* Resources */ = {
			isa = PBXResourcesBuildPhase;
			buildActionMask = 2147483647;
			files = (
				B01C65FF2DC13E34003BA5DB /* Preview Assets.xcassets in Resources */,
				B01C66002DC13E34003BA5DB /* Assets.xcassets in Resources */,
			);
			runOnlyForDeploymentPostprocessing = 0;
		};
/* End PBXResourcesBuildPhase section */

/* Begin PBXSourcesBuildPhase section */
		B01C65E42DC13E1A003BA5DB /* Sources */ = {
			isa = PBXSourcesBuildPhase;
			buildActionMask = 2147483647;
			files = (
				B023ACBF2DC3EC5E008049FA /* SampleBooks.swift in Sources */,
				B01C66092DC13EA7003BA5DB /* NewBookView.swift in Sources */,
				B023ACBB2DC3E23F008049FA /* RatingsView.swift in Sources */,
				B0A9521D2DC521680079D3BC /* BookList.swift in Sources */,
				B01C66052DC13E5D003BA5DB /* BookModel.swift in Sources */,
				B08A41462DC2B89F00CCE664 /* BookDetailView.swift in Sources */,
				B01C66012DC13E34003BA5DB /* BooksReadApp.swift in Sources */,
				B023ACC12DC3ED4B008049FA /* PreviewContainer.swift in Sources */,
				B01C66022DC13E34003BA5DB /* BooksListView.swift in Sources */,
			);
			runOnlyForDeploymentPostprocessing = 0;
		};
/* End PBXSourcesBuildPhase section */

/* Begin XCBuildConfiguration section */
		B01C65F42DC13E1B003BA5DB /* Debug */ = {
			isa = XCBuildConfiguration;
			buildSettings = {
				ALWAYS_SEARCH_USER_PATHS = NO;
				ASSETCATALOG_COMPILER_GENERATE_SWIFT_ASSET_SYMBOL_EXTENSIONS = YES;
				CLANG_ANALYZER_NONNULL = YES;
				CLANG_ANALYZER_NUMBER_OBJECT_CONVERSION = YES_AGGRESSIVE;
				CLANG_CXX_LANGUAGE_STANDARD = "gnu++20";
				CLANG_ENABLE_MODULES = YES;
				CLANG_ENABLE_OBJC_ARC = YES;
				CLANG_ENABLE_OBJC_WEAK = YES;
				CLANG_WARN_BLOCK_CAPTURE_AUTORELEASING = YES;
				CLANG_WARN_BOOL_CONVERSION = YES;
				CLANG_WARN_COMMA = YES;
				CLANG_WARN_CONSTANT_CONVERSION = YES;
				CLANG_WARN_DEPRECATED_OBJC_IMPLEMENTATIONS = YES;
				CLANG_WARN_DIRECT_OBJC_ISA_USAGE = YES_ERROR;
				CLANG_WARN_DOCUMENTATION_COMMENTS = YES;
				CLANG_WARN_EMPTY_BODY = YES;
				CLANG_WARN_ENUM_CONVERSION = YES;
				CLANG_WARN_INFINITE_RECURSION = YES;
				CLANG_WARN_INT_CONVERSION = YES;
				CLANG_WARN_NON_LITERAL_NULL_CONVERSION = YES;
				CLANG_WARN_OBJC_IMPLICIT_RETAIN_SELF = YES;
				CLANG_WARN_OBJC_LITERAL_CONVERSION = YES;
				CLANG_WARN_OBJC_ROOT_CLASS = YES_ERROR;
				CLANG_WARN_QUOTED_INCLUDE_IN_FRAMEWORK_HEADER = YES;
				CLANG_WARN_RANGE_LOOP_ANALYSIS = YES;
				CLANG_WARN_STRICT_PROTOTYPES = YES;
				CLANG_WARN_SUSPICIOUS_MOVE = YES;
				CLANG_WARN_UNGUARDED_AVAILABILITY = YES_AGGRESSIVE;
				CLANG_WARN_UNREACHABLE_CODE = YES;
				CLANG_WARN__DUPLICATE_METHOD_MATCH = YES;
				COPY_PHASE_STRIP = NO;
				DEBUG_INFORMATION_FORMAT = dwarf;
				ENABLE_STRICT_OBJC_MSGSEND = YES;
				ENABLE_TESTABILITY = YES;
				ENABLE_USER_SCRIPT_SANDBOXING = YES;
				GCC_C_LANGUAGE_STANDARD = gnu17;
				GCC_DYNAMIC_NO_PIC = NO;
				GCC_NO_COMMON_BLOCKS = YES;
				GCC_OPTIMIZATION_LEVEL = 0;
				GCC_PREPROCESSOR_DEFINITIONS = (
					"DEBUG=1",
					"$(inherited)",
				);
				GCC_WARN_64_TO_32_BIT_CONVERSION = YES;
				GCC_WARN_ABOUT_RETURN_TYPE = YES_ERROR;
				GCC_WARN_UNDECLARED_SELECTOR = YES;
				GCC_WARN_UNINITIALIZED_AUTOS = YES_AGGRESSIVE;
				GCC_WARN_UNUSED_FUNCTION = YES;
				GCC_WARN_UNUSED_VARIABLE = YES;
				IPHONEOS_DEPLOYMENT_TARGET = 18.2;
				LOCALIZATION_PREFERS_STRING_CATALOGS = YES;
				MTL_ENABLE_DEBUG_INFO = INCLUDE_SOURCE;
				MTL_FAST_MATH = YES;
				ONLY_ACTIVE_ARCH = YES;
				SDKROOT = iphoneos;
				SWIFT_ACTIVE_COMPILATION_CONDITIONS = "DEBUG $(inherited)";
				SWIFT_OPTIMIZATION_LEVEL = "-Onone";
			};
			name = Debug;
		};
		B01C65F52DC13E1B003BA5DB /* Release */ = {
			isa = XCBuildConfiguration;
			buildSettings = {
				ALWAYS_SEARCH_USER_PATHS = NO;
				ASSETCATALOG_COMPILER_GENERATE_SWIFT_ASSET_SYMBOL_EXTENSIONS = YES;
				CLANG_ANALYZER_NONNULL = YES;
				CLANG_ANALYZER_NUMBER_OBJECT_CONVERSION = YES_AGGRESSIVE;
				CLANG_CXX_LANGUAGE_STANDARD = "gnu++20";
				CLANG_ENABLE_MODULES = YES;
				CLANG_ENABLE_OBJC_ARC = YES;
				CLANG_ENABLE_OBJC_WEAK = YES;
				CLANG_WARN_BLOCK_CAPTURE_AUTORELEASING = YES;
				CLANG_WARN_BOOL_CONVERSION = YES;
				CLANG_WARN_COMMA = YES;
				CLANG_WARN_CONSTANT_CONVERSION = YES;
				CLANG_WARN_DEPRECATED_OBJC_IMPLEMENTATIONS = YES;
				CLANG_WARN_DIRECT_OBJC_ISA_USAGE = YES_ERROR;
				CLANG_WARN_DOCUMENTATION_COMMENTS = YES;
				CLANG_WARN_EMPTY_BODY = YES;
				CLANG_WARN_ENUM_CONVERSION = YES;
				CLANG_WARN_INFINITE_RECURSION = YES;
				CLANG_WARN_INT_CONVERSION = YES;
				CLANG_WARN_NON_LITERAL_NULL_CONVERSION = YES;
				CLANG_WARN_OBJC_IMPLICIT_RETAIN_SELF = YES;
				CLANG_WARN_OBJC_LITERAL_CONVERSION = YES;
				CLANG_WARN_OBJC_ROOT_CLASS = YES_ERROR;
				CLANG_WARN_QUOTED_INCLUDE_IN_FRAMEWORK_HEADER = YES;
				CLANG_WARN_RANGE_LOOP_ANALYSIS = YES;
				CLANG_WARN_STRICT_PROTOTYPES = YES;
				CLANG_WARN_SUSPICIOUS_MOVE = YES;
				CLANG_WARN_UNGUARDED_AVAILABILITY = YES_AGGRESSIVE;
				CLANG_WARN_UNREACHABLE_CODE = YES;
				CLANG_WARN__DUPLICATE_METHOD_MATCH = YES;
				COPY_PHASE_STRIP = NO;
				DEBUG_INFORMATION_FORMAT = "dwarf-with-dsym";
				ENABLE_NS_ASSERTIONS = NO;
				ENABLE_STRICT_OBJC_MSGSEND = YES;
				ENABLE_USER_SCRIPT_SANDBOXING = YES;
				GCC_C_LANGUAGE_STANDARD = gnu17;
				GCC_NO_COMMON_BLOCKS = YES;
				GCC_WARN_64_TO_32_BIT_CONVERSION = YES;
				GCC_WARN_ABOUT_RETURN_TYPE = YES_ERROR;
				GCC_WARN_UNDECLARED_SELECTOR = YES;
				GCC_WARN_UNINITIALIZED_AUTOS = YES_AGGRESSIVE;
				GCC_WARN_UNUSED_FUNCTION = YES;
				GCC_WARN_UNUSED_VARIABLE = YES;
				IPHONEOS_DEPLOYMENT_TARGET = 18.2;
				LOCALIZATION_PREFERS_STRING_CATALOGS = YES;
				MTL_ENABLE_DEBUG_INFO = NO;
				MTL_FAST_MATH = YES;
				SDKROOT = iphoneos;
				SWIFT_COMPILATION_MODE = wholemodule;
				VALIDATE_PRODUCT = YES;
			};
			name = Release;
		};
		B01C65F72DC13E1B003BA5DB /* Debug */ = {
			isa = XCBuildConfiguration;
			buildSettings = {
				ASSETCATALOG_COMPILER_APPICON_NAME = AppIcon;
				ASSETCATALOG_COMPILER_GLOBAL_ACCENT_COLOR_NAME = AccentColor;
				CODE_SIGN_STYLE = Automatic;
				CURRENT_PROJECT_VERSION = 1;
				DEVELOPMENT_ASSET_PATHS = "\"BooksRead/Preview Content\"";
				DEVELOPMENT_TEAM = 95H4F25F77;
				ENABLE_PREVIEWS = YES;
				GENERATE_INFOPLIST_FILE = YES;
				INFOPLIST_KEY_UIApplicationSceneManifest_Generation = YES;
				INFOPLIST_KEY_UIApplicationSupportsIndirectInputEvents = YES;
				INFOPLIST_KEY_UILaunchScreen_Generation = YES;
				INFOPLIST_KEY_UISupportedInterfaceOrientations_iPad = "UIInterfaceOrientationPortrait UIInterfaceOrientationPortraitUpsideDown UIInterfaceOrientationLandscapeLeft UIInterfaceOrientationLandscapeRight";
				INFOPLIST_KEY_UISupportedInterfaceOrientations_iPhone = "UIInterfaceOrientationPortrait UIInterfaceOrientationLandscapeLeft UIInterfaceOrientationLandscapeRight";
				LD_RUNPATH_SEARCH_PATHS = (
					"$(inherited)",
					"@executable_path/Frameworks",
				);
				MARKETING_VERSION = 1.0;
				PRODUCT_BUNDLE_IDENTIFIER = io.linasdev.BooksRead;
				PRODUCT_NAME = "$(TARGET_NAME)";
				SWIFT_EMIT_LOC_STRINGS = YES;
				SWIFT_VERSION = 5.0;
				TARGETED_DEVICE_FAMILY = "1,2";
			};
			name = Debug;
		};
		B01C65F82DC13E1B003BA5DB /* Release */ = {
			isa = XCBuildConfiguration;
			buildSettings = {
				ASSETCATALOG_COMPILER_APPICON_NAME = AppIcon;
				ASSETCATALOG_COMPILER_GLOBAL_ACCENT_COLOR_NAME = AccentColor;
				CODE_SIGN_STYLE = Automatic;
				CURRENT_PROJECT_VERSION = 1;
				DEVELOPMENT_ASSET_PATHS = "\"BooksRead/Preview Content\"";
				DEVELOPMENT_TEAM = 95H4F25F77;
				ENABLE_PREVIEWS = YES;
				GENERATE_INFOPLIST_FILE = YES;
				INFOPLIST_KEY_UIApplicationSceneManifest_Generation = YES;
				INFOPLIST_KEY_UIApplicationSupportsIndirectInputEvents = YES;
				INFOPLIST_KEY_UILaunchScreen_Generation = YES;
				INFOPLIST_KEY_UISupportedInterfaceOrientations_iPad = "UIInterfaceOrientationPortrait UIInterfaceOrientationPortraitUpsideDown UIInterfaceOrientationLandscapeLeft UIInterfaceOrientationLandscapeRight";
				INFOPLIST_KEY_UISupportedInterfaceOrientations_iPhone = "UIInterfaceOrientationPortrait UIInterfaceOrientationLandscapeLeft UIInterfaceOrientationLandscapeRight";
				LD_RUNPATH_SEARCH_PATHS = (
					"$(inherited)",
					"@executable_path/Frameworks",
				);
				MARKETING_VERSION = 1.0;
				PRODUCT_BUNDLE_IDENTIFIER = io.linasdev.BooksRead;
				PRODUCT_NAME = "$(TARGET_NAME)";
				SWIFT_EMIT_LOC_STRINGS = YES;
				SWIFT_VERSION = 5.0;
				TARGETED_DEVICE_FAMILY = "1,2";
			};
			name = Release;
		};
/* End XCBuildConfiguration section */

/* Begin XCConfigurationList section */
		B01C65E32DC13E1A003BA5DB /* Build configuration list for PBXProject "BooksRead" */ = {
			isa = XCConfigurationList;
			buildConfigurations = (
				B01C65F42DC13E1B003BA5DB /* Debug */,
				B01C65F52DC13E1B003BA5DB /* Release */,
			);
			defaultConfigurationIsVisible = 0;
			defaultConfigurationName = Release;
		};
		B01C65F62DC13E1B003BA5DB /* Build configuration list for PBXNativeTarget "BooksRead" */ = {
			isa = XCConfigurationList;
			buildConfigurations = (
				B01C65F72DC13E1B003BA5DB /* Debug */,
				B01C65F82DC13E1B003BA5DB /* Release */,
			);
			defaultConfigurationIsVisible = 0;
			defaultConfigurationName = Release;
		};
/* End XCConfigurationList section */
	};
	rootObject = B01C65E02DC13E1A003BA5DB /* Project object */;
}
